
Microsoft Visual Studio Solution File, Format Version 12.00
# Visual Studio Version 16
VisualStudioVersion = 16.0.32929.386
MinimumVisualStudioVersion = 10.0.40219.1
Project("{FAE04EC0-301F-11D3-BF4B-00C04F79EFBC}") = "Dichloroethane", "Dichloroethane\Dichloroethane.csproj", "{6FBF4931-695E-4C41-874C-B54D8DE4AB29}"
EndProject
Global
	GlobalSection(SolutionConfigurationPlatforms) = preSolution
		Debug|Any CPU = Debug|Any CPU
		Release|Any CPU = Release|Any CPU
	EndGlobalSection
	GlobalSection(ProjectConfigurationPlatforms) = postSolution
		{6FBF4931-695E-4C41-874C-B54D8DE4AB29}.Debug|Any CPU.ActiveCfg = Debug|Any CPU
		{6FBF4931-695E-4C41-874C-B54D8DE4AB29}.Debug|Any CPU.Build.0 = Debug|Any CPU
		{6FBF4931-695E-4C41-874C-B54D8DE4AB29}.Release|Any CPU.ActiveCfg = Release|Any CPU
		{6FBF4931-695E-4C41-874C-B54D8DE4AB29}.Release|Any CPU.Build.0 = Release|Any CPU
	EndGlobalSection
	GlobalSection(SolutionProperties) = preSolution
		HideSolutionNode = FALSE
	EndGlobalSection
	GlobalSection(ExtensibilityGlobals) = postSolution
		SolutionGuid = {EA58A39E-4D31-402C-9425-499B79928D67}
	EndGlobalSection
EndGlobal
